
Microsoft Visual Studio Solution File, Format Version 12.00
# Visual Studio Version 17
VisualStudioVersion = 17.6.33815.320
MinimumVisualStudioVersion = 10.0.40219.1
Project("{9A19103F-16F7-4668-BE54-9A1E7A4F7556}") = "Core", "Core\Core.csproj", "{3C47423F-286C-4D8B-80E5-69D31439459A}"
EndProject
Project("{9A19103F-16F7-4668-BE54-9A1E7A4F7556}") = "Renderer", "Renderer\Renderer.csproj", "{3ECB5802-CCA3-481E-9928-0738B3E45598}"
EndProject
Project("{9A19103F-16F7-4668-BE54-9A1E7A4F7556}") = "ChessDemo", "ChessDemo\ChessDemo.csproj", "{02ACF2B9-33F5-4EB2-86F3-52A949B09041}"
EndProject
Project("{FAE04EC0-301F-11D3-BF4B-00C04F79EFBC}") = "MineSweeper Demo", "MineSweeper Demo\MineSweeper Demo.csproj", "{A6434878-D385-4526-BCC7-38BD94207497}"
EndProject
Global
	GlobalSection(SolutionConfigurationPlatforms) = preSolution
		Debug|Any CPU = Debug|Any CPU
		Release|Any CPU = Release|Any CPU
	EndGlobalSection
	GlobalSection(ProjectConfigurationPlatforms) = postSolution
		{3C47423F-286C-4D8B-80E5-69D31439459A}.Debug|Any CPU.ActiveCfg = Debug|Any CPU
		{3C47423F-286C-4D8B-80E5-69D31439459A}.Debug|Any CPU.Build.0 = Debug|Any CPU
		{3C47423F-286C-4D8B-80E5-69D31439459A}.Release|Any CPU.ActiveCfg = Release|Any CPU
		{3C47423F-286C-4D8B-80E5-69D31439459A}.Release|Any CPU.Build.0 = Release|Any CPU
		{3ECB5802-CCA3-481E-9928-0738B3E45598}.Debug|Any CPU.ActiveCfg = Debug|Any CPU
		{3ECB5802-CCA3-481E-9928-0738B3E45598}.Debug|Any CPU.Build.0 = Debug|Any CPU
		{3ECB5802-CCA3-481E-9928-0738B3E45598}.Release|Any CPU.ActiveCfg = Release|Any CPU
		{3ECB5802-CCA3-481E-9928-0738B3E45598}.Release|Any CPU.Build.0 = Release|Any CPU
		{02ACF2B9-33F5-4EB2-86F3-52A949B09041}.Debug|Any CPU.ActiveCfg = Debug|Any CPU
		{02ACF2B9-33F5-4EB2-86F3-52A949B09041}.Debug|Any CPU.Build.0 = Debug|Any CPU
		{02ACF2B9-33F5-4EB2-86F3-52A949B09041}.Release|Any CPU.ActiveCfg = Release|Any CPU
		{02ACF2B9-33F5-4EB2-86F3-52A949B09041}.Release|Any CPU.Build.0 = Release|Any CPU
		{A6434878-D385-4526-BCC7-38BD94207497}.Debug|Any CPU.ActiveCfg = Debug|Any CPU
		{A6434878-D385-4526-BCC7-38BD94207497}.Debug|Any CPU.Build.0 = Debug|Any CPU
		{A6434878-D385-4526-BCC7-38BD94207497}.Release|Any CPU.ActiveCfg = Release|Any CPU
		{A6434878-D385-4526-BCC7-38BD94207497}.Release|Any CPU.Build.0 = Release|Any CPU
	EndGlobalSection
	GlobalSection(SolutionProperties) = preSolution
		HideSolutionNode = FALSE
	EndGlobalSection
	GlobalSection(ExtensibilityGlobals) = postSolution
		SolutionGuid = {34F91F75-8608-481B-BFAA-1AA52B438DBB}
	EndGlobalSection
EndGlobal
